// !$*UTF8*$!
{
	archiveVersion = 1;
	classes = {
	};
	objectVersion = 46;
	objects = {

/* Begin PBXBuildFile section */
		D270DA9819DB2270009D425B /* main.m in Sources */ = {isa = PBXBuildFile; fileRef = D270DA9719DB2270009D425B /* main.m */; };
		D270DA9B19DB2270009D425B /* AppDelegate.m in Sources */ = {isa = PBXBuildFile; fileRef = D270DA9A19DB2270009D425B /* AppDelegate.m */; };
		D270DA9E19DB2270009D425B /* DreamApp.xcdatamodeld in Sources */ = {isa = PBXBuildFile; fileRef = D270DA9C19DB2270009D425B /* DreamApp.xcdatamodeld */; };
		D270DAA419DB2270009D425B /* Main.storyboard in Resources */ = {isa = PBXBuildFile; fileRef = D270DAA219DB2270009D425B /* Main.storyboard */; };
		D270DAA619DB2270009D425B /* Images.xcassets in Resources */ = {isa = PBXBuildFile; fileRef = D270DAA519DB2270009D425B /* Images.xcassets */; };
		D270DAA919DB2270009D425B /* LaunchScreen.xib in Resources */ = {isa = PBXBuildFile; fileRef = D270DAA719DB2270009D425B /* LaunchScreen.xib */; };
		D270DAB519DB2270009D425B /* DreamAppTests.m in Sources */ = {isa = PBXBuildFile; fileRef = D270DAB419DB2270009D425B /* DreamAppTests.m */; };
		D270DAC619DB362B009D425B /* InitialViewController.m in Sources */ = {isa = PBXBuildFile; fileRef = D270DAC519DB362B009D425B /* InitialViewController.m */; };
		D270DAC919DBD38F009D425B /* LoginViewController.m in Sources */ = {isa = PBXBuildFile; fileRef = D270DAC819DBD38F009D425B /* LoginViewController.m */; };
		D270DACC19DBD85E009D425B /* CreateAccountViewController.m in Sources */ = {isa = PBXBuildFile; fileRef = D270DACB19DBD85E009D425B /* CreateAccountViewController.m */; };
		D270DACF19DC7849009D425B /* WelcomeViewController.m in Sources */ = {isa = PBXBuildFile; fileRef = D270DACE19DC7849009D425B /* WelcomeViewController.m */; };
		D270DAD219DC7F36009D425B /* DreamListTableViewController.m in Sources */ = {isa = PBXBuildFile; fileRef = D270DAD119DC7F36009D425B /* DreamListTableViewController.m */; };
		D270DB0C19DCA7E3009D425B /* RecordViewController.m in Sources */ = {isa = PBXBuildFile; fileRef = D270DB0B19DCA7E3009D425B /* RecordViewController.m */; };
		D270DB0E19DCAB8C009D425B /* AVFoundation.framework in Frameworks */ = {isa = PBXBuildFile; fileRef = D270DB0D19DCAB8C009D425B /* AVFoundation.framework */; };
		D270DB1119DCC8FC009D425B /* Dream.m in Sources */ = {isa = PBXBuildFile; fileRef = D270DB1019DCC8FC009D425B /* Dream.m */; };
		D270DB1419DD4059009D425B /* EditDreamViewController.m in Sources */ = {isa = PBXBuildFile; fileRef = D270DB1319DD4059009D425B /* EditDreamViewController.m */; };
/* End PBXBuildFile section */

/* Begin PBXContainerItemProxy section */
		D270DAAF19DB2270009D425B /* PBXContainerItemProxy */ = {
			isa = PBXContainerItemProxy;
			containerPortal = D270DA8A19DB2270009D425B /* Project object */;
			proxyType = 1;
			remoteGlobalIDString = D270DA9119DB2270009D425B;
			remoteInfo = DreamApp;
		};
/* End PBXContainerItemProxy section */

/* Begin PBXFileReference section */
		D270DA9219DB2270009D425B /* DreamApp.app */ = {isa = PBXFileReference; explicitFileType = wrapper.application; includeInIndex = 0; path = DreamApp.app; sourceTree = BUILT_PRODUCTS_DIR; };
		D270DA9619DB2270009D425B /* Info.plist */ = {isa = PBXFileReference; lastKnownFileType = text.plist.xml; path = Info.plist; sourceTree = "<group>"; };
		D270DA9719DB2270009D425B /* main.m */ = {isa = PBXFileReference; lastKnownFileType = sourcecode.c.objc; path = main.m; sourceTree = "<group>"; };
		D270DA9919DB2270009D425B /* AppDelegate.h */ = {isa = PBXFileReference; lastKnownFileType = sourcecode.c.h; path = AppDelegate.h; sourceTree = "<group>"; };
		D270DA9A19DB2270009D425B /* AppDelegate.m */ = {isa = PBXFileReference; lastKnownFileType = sourcecode.c.objc; path = AppDelegate.m; sourceTree = "<group>"; };
		D270DA9D19DB2270009D425B /* DreamApp.xcdatamodel */ = {isa = PBXFileReference; lastKnownFileType = wrapper.xcdatamodel; path = DreamApp.xcdatamodel; sourceTree = "<group>"; };
		D270DAA319DB2270009D425B /* Base */ = {isa = PBXFileReference; lastKnownFileType = file.storyboard; name = Base; path = Base.lproj/Main.storyboard; sourceTree = "<group>"; };
		D270DAA519DB2270009D425B /* Images.xcassets */ = {isa = PBXFileReference; lastKnownFileType = folder.assetcatalog; path = Images.xcassets; sourceTree = "<group>"; };
		D270DAA819DB2270009D425B /* Base */ = {isa = PBXFileReference; lastKnownFileType = file.xib; name = Base; path = Base.lproj/LaunchScreen.xib; sourceTree = "<group>"; };
		D270DAAE19DB2270009D425B /* DreamAppTests.xctest */ = {isa = PBXFileReference; explicitFileType = wrapper.cfbundle; includeInIndex = 0; path = DreamAppTests.xctest; sourceTree = BUILT_PRODUCTS_DIR; };
		D270DAB319DB2270009D425B /* Info.plist */ = {isa = PBXFileReference; lastKnownFileType = text.plist.xml; path = Info.plist; sourceTree = "<group>"; };
		D270DAB419DB2270009D425B /* DreamAppTests.m */ = {isa = PBXFileReference; lastKnownFileType = sourcecode.c.objc; path = DreamAppTests.m; sourceTree = "<group>"; };
		D270DAC419DB362B009D425B /* InitialViewController.h */ = {isa = PBXFileReference; fileEncoding = 4; lastKnownFileType = sourcecode.c.h; path = InitialViewController.h; sourceTree = "<group>"; };
		D270DAC519DB362B009D425B /* InitialViewController.m */ = {isa = PBXFileReference; fileEncoding = 4; lastKnownFileType = sourcecode.c.objc; path = InitialViewController.m; sourceTree = "<group>"; };
		D270DAC719DBD38F009D425B /* LoginViewController.h */ = {isa = PBXFileReference; fileEncoding = 4; lastKnownFileType = sourcecode.c.h; path = LoginViewController.h; sourceTree = "<group>"; };
		D270DAC819DBD38F009D425B /* LoginViewController.m */ = {isa = PBXFileReference; fileEncoding = 4; lastKnownFileType = sourcecode.c.objc; path = LoginViewController.m; sourceTree = "<group>"; };
		D270DACA19DBD85E009D425B /* CreateAccountViewController.h */ = {isa = PBXFileReference; fileEncoding = 4; lastKnownFileType = sourcecode.c.h; path = CreateAccountViewController.h; sourceTree = "<group>"; };
		D270DACB19DBD85E009D425B /* CreateAccountViewController.m */ = {isa = PBXFileReference; fileEncoding = 4; lastKnownFileType = sourcecode.c.objc; path = CreateAccountViewController.m; sourceTree = "<group>"; };
		D270DACD19DC7849009D425B /* WelcomeViewController.h */ = {isa = PBXFileReference; fileEncoding = 4; lastKnownFileType = sourcecode.c.h; path = WelcomeViewController.h; sourceTree = "<group>"; };
		D270DACE19DC7849009D425B /* WelcomeViewController.m */ = {isa = PBXFileReference; fileEncoding = 4; lastKnownFileType = sourcecode.c.objc; path = WelcomeViewController.m; sourceTree = "<group>"; };
		D270DAD019DC7F36009D425B /* DreamListTableViewController.h */ = {isa = PBXFileReference; fileEncoding = 4; lastKnownFileType = sourcecode.c.h; path = DreamListTableViewController.h; sourceTree = "<group>"; };
		D270DAD119DC7F36009D425B /* DreamListTableViewController.m */ = {isa = PBXFileReference; fileEncoding = 4; lastKnownFileType = sourcecode.c.objc; path = DreamListTableViewController.m; sourceTree = "<group>"; };
		D270DB0A19DCA7E3009D425B /* RecordViewController.h */ = {isa = PBXFileReference; fileEncoding = 4; lastKnownFileType = sourcecode.c.h; path = RecordViewController.h; sourceTree = "<group>"; };
		D270DB0B19DCA7E3009D425B /* RecordViewController.m */ = {isa = PBXFileReference; fileEncoding = 4; lastKnownFileType = sourcecode.c.objc; path = RecordViewController.m; sourceTree = "<group>"; };
		D270DB0D19DCAB8C009D425B /* AVFoundation.framework */ = {isa = PBXFileReference; lastKnownFileType = wrapper.framework; name = AVFoundation.framework; path = System/Library/Frameworks/AVFoundation.framework; sourceTree = SDKROOT; };
		D270DB0F19DCC8FC009D425B /* Dream.h */ = {isa = PBXFileReference; fileEncoding = 4; lastKnownFileType = sourcecode.c.h; path = Dream.h; sourceTree = "<group>"; };
		D270DB1019DCC8FC009D425B /* Dream.m */ = {isa = PBXFileReference; fileEncoding = 4; lastKnownFileType = sourcecode.c.objc; path = Dream.m; sourceTree = "<group>"; };
		D270DB1219DD4059009D425B /* EditDreamViewController.h */ = {isa = PBXFileReference; fileEncoding = 4; lastKnownFileType = sourcecode.c.h; path = EditDreamViewController.h; sourceTree = "<group>"; };
		D270DB1319DD4059009D425B /* EditDreamViewController.m */ = {isa = PBXFileReference; fileEncoding = 4; lastKnownFileType = sourcecode.c.objc; path = EditDreamViewController.m; sourceTree = "<group>"; };
/* End PBXFileReference section */

/* Begin PBXFrameworksBuildPhase section */
		D270DA8F19DB2270009D425B /* Frameworks */ = {
			isa = PBXFrameworksBuildPhase;
			buildActionMask = 2147483647;
			files = (
				D270DB0E19DCAB8C009D425B /* AVFoundation.framework in Frameworks */,
			);
			runOnlyForDeploymentPostprocessing = 0;
		};
		D270DAAB19DB2270009D425B /* Frameworks */ = {
			isa = PBXFrameworksBuildPhase;
			buildActionMask = 2147483647;
			files = (
			);
			runOnlyForDeploymentPostprocessing = 0;
		};
/* End PBXFrameworksBuildPhase section */

/* Begin PBXGroup section */
		D270DA8919DB2270009D425B = {
			isa = PBXGroup;
			children = (
				D270DA9419DB2270009D425B /* DreamApp */,
				D270DAB119DB2270009D425B /* DreamAppTests */,
				D270DA9319DB2270009D425B /* Products */,
				D270DB0D19DCAB8C009D425B /* AVFoundation.framework */,
			);
			sourceTree = "<group>";
		};
		D270DA9319DB2270009D425B /* Products */ = {
			isa = PBXGroup;
			children = (
				D270DA9219DB2270009D425B /* DreamApp.app */,
				D270DAAE19DB2270009D425B /* DreamAppTests.xctest */,
			);
			name = Products;
			sourceTree = "<group>";
		};
		D270DA9419DB2270009D425B /* DreamApp */ = {
			isa = PBXGroup;
			children = (
				D270DA9919DB2270009D425B /* AppDelegate.h */,
				D270DA9A19DB2270009D425B /* AppDelegate.m */,
				D270DAC419DB362B009D425B /* InitialViewController.h */,
				D270DAC519DB362B009D425B /* InitialViewController.m */,
				D270DAC719DBD38F009D425B /* LoginViewController.h */,
				D270DAC819DBD38F009D425B /* LoginViewController.m */,
				D270DACA19DBD85E009D425B /* CreateAccountViewController.h */,
				D270DACB19DBD85E009D425B /* CreateAccountViewController.m */,
				D270DACD19DC7849009D425B /* WelcomeViewController.h */,
				D270DACE19DC7849009D425B /* WelcomeViewController.m */,
				D270DAD019DC7F36009D425B /* DreamListTableViewController.h */,
				D270DAD119DC7F36009D425B /* DreamListTableViewController.m */,
				D270DB0A19DCA7E3009D425B /* RecordViewController.h */,
				D270DB0B19DCA7E3009D425B /* RecordViewController.m */,
				D270DB1219DD4059009D425B /* EditDreamViewController.h */,
				D270DB1319DD4059009D425B /* EditDreamViewController.m */,
				D270DAA219DB2270009D425B /* Main.storyboard */,
				D270DAA519DB2270009D425B /* Images.xcassets */,
				D270DAA719DB2270009D425B /* LaunchScreen.xib */,
				D270DA9C19DB2270009D425B /* DreamApp.xcdatamodeld */,
				D270DB0F19DCC8FC009D425B /* Dream.h */,
				D270DB1019DCC8FC009D425B /* Dream.m */,
				D270DA9519DB2270009D425B /* Supporting Files */,
			);
			path = DreamApp;
			sourceTree = "<group>";
		};
		D270DA9519DB2270009D425B /* Supporting Files */ = {
			isa = PBXGroup;
			children = (
				D270DA9619DB2270009D425B /* Info.plist */,
				D270DA9719DB2270009D425B /* main.m */,
			);
			name = "Supporting Files";
			sourceTree = "<group>";
		};
		D270DAB119DB2270009D425B /* DreamAppTests */ = {
			isa = PBXGroup;
			children = (
				D270DAB419DB2270009D425B /* DreamAppTests.m */,
				D270DAB219DB2270009D425B /* Supporting Files */,
			);
			path = DreamAppTests;
			sourceTree = "<group>";
		};
		D270DAB219DB2270009D425B /* Supporting Files */ = {
			isa = PBXGroup;
			children = (
				D270DAB319DB2270009D425B /* Info.plist */,
			);
			name = "Supporting Files";
			sourceTree = "<group>";
		};
/* End PBXGroup section */

/* Begin PBXNativeTarget section */
		D270DA9119DB2270009D425B /* DreamApp */ = {
			isa = PBXNativeTarget;
			buildConfigurationList = D270DAB819DB2270009D425B /* Build configuration list for PBXNativeTarget "DreamApp" */;
			buildPhases = (
				D270DA8E19DB2270009D425B /* Sources */,
				D270DA8F19DB2270009D425B /* Frameworks */,
				D270DA9019DB2270009D425B /* Resources */,
			);
			buildRules = (
			);
			dependencies = (
			);
			name = DreamApp;
			productName = DreamApp;
			productReference = D270DA9219DB2270009D425B /* DreamApp.app */;
			productType = "com.apple.product-type.application";
		};
		D270DAAD19DB2270009D425B /* DreamAppTests */ = {
			isa = PBXNativeTarget;
			buildConfigurationList = D270DABB19DB2270009D425B /* Build configuration list for PBXNativeTarget "DreamAppTests" */;
			buildPhases = (
				D270DAAA19DB2270009D425B /* Sources */,
				D270DAAB19DB2270009D425B /* Frameworks */,
				D270DAAC19DB2270009D425B /* Resources */,
			);
			buildRules = (
			);
			dependencies = (
				D270DAB019DB2270009D425B /* PBXTargetDependency */,
			);
			name = DreamAppTests;
			productName = DreamAppTests;
			productReference = D270DAAE19DB2270009D425B /* DreamAppTests.xctest */;
			productType = "com.apple.product-type.bundle.unit-test";
		};
/* End PBXNativeTarget section */

/* Begin PBXProject section */
		D270DA8A19DB2270009D425B /* Project object */ = {
			isa = PBXProject;
			attributes = {
				LastUpgradeCheck = 0600;
				ORGANIZATIONNAME = "Lynne Okada";
				TargetAttributes = {
					D270DA9119DB2270009D425B = {
						CreatedOnToolsVersion = 6.0;
					};
					D270DAAD19DB2270009D425B = {
						CreatedOnToolsVersion = 6.0;
						TestTargetID = D270DA9119DB2270009D425B;
					};
				};
			};
			buildConfigurationList = D270DA8D19DB2270009D425B /* Build configuration list for PBXProject "DreamApp" */;
			compatibilityVersion = "Xcode 3.2";
			developmentRegion = English;
			hasScannedForEncodings = 0;
			knownRegions = (
				en,
				Base,
			);
			mainGroup = D270DA8919DB2270009D425B;
			productRefGroup = D270DA9319DB2270009D425B /* Products */;
			projectDirPath = "";
			projectRoot = "";
			targets = (
				D270DA9119DB2270009D425B /* DreamApp */,
				D270DAAD19DB2270009D425B /* DreamAppTests */,
			);
		};
/* End PBXProject section */

/* Begin PBXResourcesBuildPhase section */
		D270DA9019DB2270009D425B /* Resources */ = {
			isa = PBXResourcesBuildPhase;
			buildActionMask = 2147483647;
			files = (
				D270DAA419DB2270009D425B /* Main.storyboard in Resources */,
				D270DAA919DB2270009D425B /* LaunchScreen.xib in Resources */,
				D270DAA619DB2270009D425B /* Images.xcassets in Resources */,
			);
			runOnlyForDeploymentPostprocessing = 0;
		};
		D270DAAC19DB2270009D425B /* Resources */ = {
			isa = PBXResourcesBuildPhase;
			buildActionMask = 2147483647;
			files = (
			);
			runOnlyForDeploymentPostprocessing = 0;
		};
/* End PBXResourcesBuildPhase section */

/* Begin PBXSourcesBuildPhase section */
		D270DA8E19DB2270009D425B /* Sources */ = {
			isa = PBXSourcesBuildPhase;
			buildActionMask = 2147483647;
			files = (
				D270DAC619DB362B009D425B /* InitialViewController.m in Sources */,
				D270DB1419DD4059009D425B /* EditDreamViewController.m in Sources */,
				D270DB1119DCC8FC009D425B /* Dream.m in Sources */,
				D270DA9B19DB2270009D425B /* AppDelegate.m in Sources */,
				D270DACC19DBD85E009D425B /* CreateAccountViewController.m in Sources */,
				D270DA9E19DB2270009D425B /* DreamApp.xcdatamodeld in Sources */,
				D270DA9819DB2270009D425B /* main.m in Sources */,
				D270DAD219DC7F36009D425B /* DreamListTableViewController.m in Sources */,
				D270DB0C19DCA7E3009D425B /* RecordViewController.m in Sources */,
				D270DACF19DC7849009D425B /* WelcomeViewController.m in Sources */,
				D270DAC919DBD38F009D425B /* LoginViewController.m in Sources */,
			);
			runOnlyForDeploymentPostprocessing = 0;
		};
		D270DAAA19DB2270009D425B /* Sources */ = {
			isa = PBXSourcesBuildPhase;
			buildActionMask = 2147483647;
			files = (
				D270DAB519DB2270009D425B /* DreamAppTests.m in Sources */,
			);
			runOnlyForDeploymentPostprocessing = 0;
		};
/* End PBXSourcesBuildPhase section */

/* Begin PBXTargetDependency section */
		D270DAB019DB2270009D425B /* PBXTargetDependency */ = {
			isa = PBXTargetDependency;
			target = D270DA9119DB2270009D425B /* DreamApp */;
			targetProxy = D270DAAF19DB2270009D425B /* PBXContainerItemProxy */;
		};
/* End PBXTargetDependency section */

/* Begin PBXVariantGroup section */
		D270DAA219DB2270009D425B /* Main.storyboard */ = {
			isa = PBXVariantGroup;
			children = (
				D270DAA319DB2270009D425B /* Base */,
			);
			name = Main.storyboard;
			sourceTree = "<group>";
		};
		D270DAA719DB2270009D425B /* LaunchScreen.xib */ = {
			isa = PBXVariantGroup;
			children = (
				D270DAA819DB2270009D425B /* Base */,
			);
			name = LaunchScreen.xib;
			sourceTree = "<group>";
		};
/* End PBXVariantGroup section */

/* Begin XCBuildConfiguration section */
		D270DAB619DB2270009D425B /* Debug */ = {
			isa = XCBuildConfiguration;
			buildSettings = {
				ALWAYS_SEARCH_USER_PATHS = NO;
				CLANG_CXX_LANGUAGE_STANDARD = "gnu++0x";
				CLANG_CXX_LIBRARY = "libc++";
				CLANG_ENABLE_MODULES = YES;
				CLANG_ENABLE_OBJC_ARC = YES;
				CLANG_WARN_BOOL_CONVERSION = YES;
				CLANG_WARN_CONSTANT_CONVERSION = YES;
				CLANG_WARN_DIRECT_OBJC_ISA_USAGE = YES_ERROR;
				CLANG_WARN_EMPTY_BODY = YES;
				CLANG_WARN_ENUM_CONVERSION = YES;
				CLANG_WARN_INT_CONVERSION = YES;
				CLANG_WARN_OBJC_ROOT_CLASS = YES_ERROR;
				CLANG_WARN_UNREACHABLE_CODE = YES;
				CLANG_WARN__DUPLICATE_METHOD_MATCH = YES;
				"CODE_SIGN_IDENTITY[sdk=iphoneos*]" = "iPhone Developer";
				COPY_PHASE_STRIP = NO;
				ENABLE_STRICT_OBJC_MSGSEND = YES;
				GCC_C_LANGUAGE_STANDARD = gnu99;
				GCC_DYNAMIC_NO_PIC = NO;
				GCC_OPTIMIZATION_LEVEL = 0;
				GCC_PREPROCESSOR_DEFINITIONS = (
					"DEBUG=1",
					"$(inherited)",
				);
				GCC_SYMBOLS_PRIVATE_EXTERN = NO;
				GCC_WARN_64_TO_32_BIT_CONVERSION = YES;
				GCC_WARN_ABOUT_RETURN_TYPE = YES_ERROR;
				GCC_WARN_UNDECLARED_SELECTOR = YES;
				GCC_WARN_UNINITIALIZED_AUTOS = YES_AGGRESSIVE;
				GCC_WARN_UNUSED_FUNCTION = YES;
				GCC_WARN_UNUSED_VARIABLE = YES;
				IPHONEOS_DEPLOYMENT_TARGET = 8.0;
				MTL_ENABLE_DEBUG_INFO = YES;
				ONLY_ACTIVE_ARCH = YES;
				SDKROOT = iphoneos;
			};
			name = Debug;
		};
		D270DAB719DB2270009D425B /* Release */ = {
			isa = XCBuildConfiguration;
			buildSettings = {
				ALWAYS_SEARCH_USER_PATHS = NO;
				CLANG_CXX_LANGUAGE_STANDARD = "gnu++0x";
				CLANG_CXX_LIBRARY = "libc++";
				CLANG_ENABLE_MODULES = YES;
				CLANG_ENABLE_OBJC_ARC = YES;
				CLANG_WARN_BOOL_CONVERSION = YES;
				CLANG_WARN_CONSTANT_CONVERSION = YES;
				CLANG_WARN_DIRECT_OBJC_ISA_USAGE = YES_ERROR;
				CLANG_WARN_EMPTY_BODY = YES;
				CLANG_WARN_ENUM_CONVERSION = YES;
				CLANG_WARN_INT_CONVERSION = YES;
				CLANG_WARN_OBJC_ROOT_CLASS = YES_ERROR;
				CLANG_WARN_UNREACHABLE_CODE = YES;
				CLANG_WARN__DUPLICATE_METHOD_MATCH = YES;
				"CODE_SIGN_IDENTITY[sdk=iphoneos*]" = "iPhone Developer";
				COPY_PHASE_STRIP = YES;
				ENABLE_NS_ASSERTIONS = NO;
				ENABLE_STRICT_OBJC_MSGSEND = YES;
				GCC_C_LANGUAGE_STANDARD = gnu99;
				GCC_WARN_64_TO_32_BIT_CONVERSION = YES;
				GCC_WARN_ABOUT_RETURN_TYPE = YES_ERROR;
				GCC_WARN_UNDECLARED_SELECTOR = YES;
				GCC_WARN_UNINITIALIZED_AUTOS = YES_AGGRESSIVE;
				GCC_WARN_UNUSED_FUNCTION = YES;
				GCC_WARN_UNUSED_VARIABLE = YES;
				IPHONEOS_DEPLOYMENT_TARGET = 8.0;
				MTL_ENABLE_DEBUG_INFO = NO;
				SDKROOT = iphoneos;
				VALIDATE_PRODUCT = YES;
			};
			name = Release;
		};
		D270DAB919DB2270009D425B /* Debug */ = {
			isa = XCBuildConfiguration;
			buildSettings = {
				ASSETCATALOG_COMPILER_APPICON_NAME = AppIcon;
				INFOPLIST_FILE = DreamApp/Info.plist;
				LD_RUNPATH_SEARCH_PATHS = "$(inherited) @executable_path/Frameworks";
				PRODUCT_NAME = "$(TARGET_NAME)";
			};
			name = Debug;
		};
		D270DABA19DB2270009D425B /* Release */ = {
			isa = XCBuildConfiguration;
			buildSettings = {
				ASSETCATALOG_COMPILER_APPICON_NAME = AppIcon;
				INFOPLIST_FILE = DreamApp/Info.plist;
				LD_RUNPATH_SEARCH_PATHS = "$(inherited) @executable_path/Frameworks";
				PRODUCT_NAME = "$(TARGET_NAME)";
			};
			name = Release;
		};
		D270DABC19DB2270009D425B /* Debug */ = {
			isa = XCBuildConfiguration;
			buildSettings = {
				BUNDLE_LOADER = "$(TEST_HOST)";
				FRAMEWORK_SEARCH_PATHS = (
					"$(SDKROOT)/Developer/Library/Frameworks",
					"$(inherited)",
				);
				GCC_PREPROCESSOR_DEFINITIONS = (
					"DEBUG=1",
					"$(inherited)",
				);
				INFOPLIST_FILE = DreamAppTests/Info.plist;
				LD_RUNPATH_SEARCH_PATHS = "$(inherited) @executable_path/Frameworks @loader_path/Frameworks";
				PRODUCT_NAME = "$(TARGET_NAME)";
				TEST_HOST = "$(BUILT_PRODUCTS_DIR)/DreamApp.app/DreamApp";
			};
			name = Debug;
		};
		D270DABD19DB2270009D425B /* Release */ = {
			isa = XCBuildConfiguration;
			buildSettings = {
				BUNDLE_LOADER = "$(TEST_HOST)";
				FRAMEWORK_SEARCH_PATHS = (
					"$(SDKROOT)/Developer/Library/Frameworks",
					"$(inherited)",
				);
				INFOPLIST_FILE = DreamAppTests/Info.plist;
				LD_RUNPATH_SEARCH_PATHS = "$(inherited) @executable_path/Frameworks @loader_path/Frameworks";
				PRODUCT_NAME = "$(TARGET_NAME)";
				TEST_HOST = "$(BUILT_PRODUCTS_DIR)/DreamApp.app/DreamApp";
			};
			name = Release;
		};
/* End XCBuildConfiguration section */

/* Begin XCConfigurationList section */
		D270DA8D19DB2270009D425B /* Build configuration list for PBXProject "DreamApp" */ = {
			isa = XCConfigurationList;
			buildConfigurations = (
				D270DAB619DB2270009D425B /* Debug */,
				D270DAB719DB2270009D425B /* Release */,
			);
			defaultConfigurationIsVisible = 0;
			defaultConfigurationName = Release;
		};
		D270DAB819DB2270009D425B /* Build configuration list for PBXNativeTarget "DreamApp" */ = {
			isa = XCConfigurationList;
			buildConfigurations = (
				D270DAB919DB2270009D425B /* Debug */,
				D270DABA19DB2270009D425B /* Release */,
			);
			defaultConfigurationIsVisible = 0;
		};
		D270DABB19DB2270009D425B /* Build configuration list for PBXNativeTarget "DreamAppTests" */ = {
			isa = XCConfigurationList;
			buildConfigurations = (
				D270DABC19DB2270009D425B /* Debug */,
				D270DABD19DB2270009D425B /* Release */,
			);
			defaultConfigurationIsVisible = 0;
		};
/* End XCConfigurationList section */

/* Begin XCVersionGroup section */
		D270DA9C19DB2270009D425B /* DreamApp.xcdatamodeld */ = {
			isa = XCVersionGroup;
			children = (
				D270DA9D19DB2270009D425B /* DreamApp.xcdatamodel */,
			);
			currentVersion = D270DA9D19DB2270009D425B /* DreamApp.xcdatamodel */;
			path = DreamApp.xcdatamodeld;
			sourceTree = "<group>";
			versionGroupType = wrapper.xcdatamodel;
		};
/* End XCVersionGroup section */
	};
	rootObject = D270DA8A19DB2270009D425B /* Project object */;
}
