// !$*UTF8*$!
{
	archiveVersion = 1;
	classes = {
	};
	objectVersion = 46;
	objects = {

/* Begin PBXBuildFile section */
		D20052391A0802DD005895FC /* FriendProfileViewController.m in Sources */ = {isa = PBXBuildFile; fileRef = D20052381A0802DD005895FC /* FriendProfileViewController.m */; };
		D20D123619DF51E800DE7485 /* SearchViewController.m in Sources */ = {isa = PBXBuildFile; fileRef = D20D123519DF51E800DE7485 /* SearchViewController.m */; };
		D212713D1A043BE10063BFA1 /* Bolts.framework in Frameworks */ = {isa = PBXBuildFile; fileRef = D21271391A043BE10063BFA1 /* Bolts.framework */; };
		D212713E1A043BE10063BFA1 /* FacebookSDK.framework in Frameworks */ = {isa = PBXBuildFile; fileRef = D212713A1A043BE10063BFA1 /* FacebookSDK.framework */; };
		D212713F1A043BE10063BFA1 /* LICENSE in Resources */ = {isa = PBXBuildFile; fileRef = D212713B1A043BE10063BFA1 /* LICENSE */; };
		D21271401A043BE10063BFA1 /* README.txt in Resources */ = {isa = PBXBuildFile; fileRef = D212713C1A043BE10063BFA1 /* README.txt */; };
		D21271461A044E920063BFA1 /* CustomCommentTableViewCell.m in Sources */ = {isa = PBXBuildFile; fileRef = D21271451A044E920063BFA1 /* CustomCommentTableViewCell.m */; };
		D224A1AC19F83DD200F4252F /* Accounts.framework in Frameworks */ = {isa = PBXBuildFile; fileRef = D224A1AB19F83DD200F4252F /* Accounts.framework */; };
		D224A1AE19F83DD900F4252F /* Social.framework in Frameworks */ = {isa = PBXBuildFile; fileRef = D224A1AD19F83DD900F4252F /* Social.framework */; };
		D224A1B019F843B900F4252F /* Security.framework in Frameworks */ = {isa = PBXBuildFile; fileRef = D224A1AF19F843B900F4252F /* Security.framework */; };
		D224A20E19FEDF8F00F4252F /* ServerManager.m in Sources */ = {isa = PBXBuildFile; fileRef = D224A20D19FEDF8F00F4252F /* ServerManager.m */; };
		D224A24119FEF01700F4252F /* GlobalTableViewController.m in Sources */ = {isa = PBXBuildFile; fileRef = D224A24019FEF01700F4252F /* GlobalTableViewController.m */; };
		D224A24A19FF01BC00F4252F /* FileSystemManager.m in Sources */ = {isa = PBXBuildFile; fileRef = D224A24919FF01BC00F4252F /* FileSystemManager.m */; };
		D224A24D19FF2CC100F4252F /* CoreDataManager.m in Sources */ = {isa = PBXBuildFile; fileRef = D224A24C19FF2CC100F4252F /* CoreDataManager.m */; };
		D22CDF851A006BDE00C70894 /* AddDreamViewController.m in Sources */ = {isa = PBXBuildFile; fileRef = D22CDF841A006BDE00C70894 /* AddDreamViewController.m */; };
		D22CDF8B1A00D94800C70894 /* ShowDreamViewController.m in Sources */ = {isa = PBXBuildFile; fileRef = D22CDF8A1A00D94800C70894 /* ShowDreamViewController.m */; };
		D230C9DE1A099A1F00D0D5C0 /* User.m in Sources */ = {isa = PBXBuildFile; fileRef = D230C9DD1A099A1F00D0D5C0 /* User.m */; };
		D2530D081A19E9A400A6FA41 /* MICROPHONE.png in Resources */ = {isa = PBXBuildFile; fileRef = D2530D071A19E9A400A6FA41 /* MICROPHONE.png */; };
		D2530D0A1A19EC4900A6FA41 /* HOME_selected.png in Resources */ = {isa = PBXBuildFile; fileRef = D2530D091A19EC4900A6FA41 /* HOME_selected.png */; };
		D2530D0C1A19F0B400A6FA41 /* GLOBE_selected.png in Resources */ = {isa = PBXBuildFile; fileRef = D2530D0B1A19F0B400A6FA41 /* GLOBE_selected.png */; };
		D2530D0E1A19F0C100A6FA41 /* MAGNIFYING GLASS_selected.png in Resources */ = {isa = PBXBuildFile; fileRef = D2530D0D1A19F0C100A6FA41 /* MAGNIFYING GLASS_selected.png */; };
		D2530D101A19F9CC00A6FA41 /* more.png in Resources */ = {isa = PBXBuildFile; fileRef = D2530D0F1A19F9CC00A6FA41 /* more.png */; };
		D2594C9B19E70DA70014F22B /* EditProfileViewController.m in Sources */ = {isa = PBXBuildFile; fileRef = D2594C9A19E70DA70014F22B /* EditProfileViewController.m */; };
		D26A3AF81A01ACA600CFB30F /* ProfileManager.m in Sources */ = {isa = PBXBuildFile; fileRef = D26A3AF71A01ACA600CFB30F /* ProfileManager.m */; };
		D26A3AFE1A02165400CFB30F /* FriendsTableViewController.m in Sources */ = {isa = PBXBuildFile; fileRef = D26A3AFD1A02165400CFB30F /* FriendsTableViewController.m */; };
		D26A3B041A0242A900CFB30F /* FriendDreamViewController.m in Sources */ = {isa = PBXBuildFile; fileRef = D26A3B031A0242A900CFB30F /* FriendDreamViewController.m */; };
		D270DA9819DB2270009D425B /* main.m in Sources */ = {isa = PBXBuildFile; fileRef = D270DA9719DB2270009D425B /* main.m */; };
		D270DA9B19DB2270009D425B /* AppDelegate.m in Sources */ = {isa = PBXBuildFile; fileRef = D270DA9A19DB2270009D425B /* AppDelegate.m */; };
		D270DAA419DB2270009D425B /* Main.storyboard in Resources */ = {isa = PBXBuildFile; fileRef = D270DAA219DB2270009D425B /* Main.storyboard */; };
		D270DAA619DB2270009D425B /* Images.xcassets in Resources */ = {isa = PBXBuildFile; fileRef = D270DAA519DB2270009D425B /* Images.xcassets */; };
		D270DAA919DB2270009D425B /* LaunchScreen.xib in Resources */ = {isa = PBXBuildFile; fileRef = D270DAA719DB2270009D425B /* LaunchScreen.xib */; };
		D270DAB519DB2270009D425B /* DreamAppTests.m in Sources */ = {isa = PBXBuildFile; fileRef = D270DAB419DB2270009D425B /* DreamAppTests.m */; };
		D270DAC619DB362B009D425B /* InitialViewController.m in Sources */ = {isa = PBXBuildFile; fileRef = D270DAC519DB362B009D425B /* InitialViewController.m */; };
		D270DACF19DC7849009D425B /* WelcomeViewController.m in Sources */ = {isa = PBXBuildFile; fileRef = D270DACE19DC7849009D425B /* WelcomeViewController.m */; };
		D270DB0C19DCA7E3009D425B /* RecordViewController.m in Sources */ = {isa = PBXBuildFile; fileRef = D270DB0B19DCA7E3009D425B /* RecordViewController.m */; };
		D270DB0E19DCAB8C009D425B /* AVFoundation.framework in Frameworks */ = {isa = PBXBuildFile; fileRef = D270DB0D19DCAB8C009D425B /* AVFoundation.framework */; };
		D270DB1D19DF21E4009D425B /* ProfileViewController.m in Sources */ = {isa = PBXBuildFile; fileRef = D270DB1C19DF21E4009D425B /* ProfileViewController.m */; };
		D28DFC721A02BA0500C55143 /* FriendTableViewCell.m in Sources */ = {isa = PBXBuildFile; fileRef = D28DFC711A02BA0500C55143 /* FriendTableViewCell.m */; };
		D2B44FA11A18A3C400E07F37 /* CustomProfileTableViewCell.m in Sources */ = {isa = PBXBuildFile; fileRef = D2B44FA01A18A3C400E07F37 /* CustomProfileTableViewCell.m */; };
		D2B44FAB1A19D6B800E07F37 /* MAGNIFYING GLASS 2.png in Resources */ = {isa = PBXBuildFile; fileRef = D2B44FAA1A19D6B800E07F37 /* MAGNIFYING GLASS 2.png */; };
		D2B44FAD1A19D78600E07F37 /* MAGNIFYING GLASS.png in Resources */ = {isa = PBXBuildFile; fileRef = D2B44FAC1A19D78600E07F37 /* MAGNIFYING GLASS.png */; };
		D2B44FAF1A19DABE00E07F37 /* ARROW.png in Resources */ = {isa = PBXBuildFile; fileRef = D2B44FAE1A19DABE00E07F37 /* ARROW.png */; };
		D2B44FB11A19DC2000E07F37 /* HOME.png in Resources */ = {isa = PBXBuildFile; fileRef = D2B44FB01A19DC2000E07F37 /* HOME.png */; };
		D2B44FB31A19E24700E07F37 /* GLOBE.png in Resources */ = {isa = PBXBuildFile; fileRef = D2B44FB21A19E24700E07F37 /* GLOBE.png */; };
		D2B4A0FF1A14218300EF89EC /* CustomGlobalDreamTableViewCell.m in Sources */ = {isa = PBXBuildFile; fileRef = D2B4A0FE1A14218300EF89EC /* CustomGlobalDreamTableViewCell.m */; };
		D2C64CEC1A0EF2F400A8008C /* CustomSearchTableViewCell.m in Sources */ = {isa = PBXBuildFile; fileRef = D2C64CEB1A0EF2F400A8008C /* CustomSearchTableViewCell.m */; };
		D2C64CF21A11A41200A8008C /* AddCommentViewController.m in Sources */ = {isa = PBXBuildFile; fileRef = D2C64CF11A11A41200A8008C /* AddCommentViewController.m */; };
		D2C64CF51A11FF7400A8008C /* CustomCommenttTableViewCell.m in Sources */ = {isa = PBXBuildFile; fileRef = D2C64CF41A11FF7400A8008C /* CustomCommenttTableViewCell.m */; };
		D2D2376D19EDD36B00C738AF /* Global.m in Sources */ = {isa = PBXBuildFile; fileRef = D2D2376C19EDD36B00C738AF /* Global.m */; };
		D2DF19211A02D80A002D206D /* DreamApp.xcdatamodeld in Sources */ = {isa = PBXBuildFile; fileRef = D2DF191F1A02D80A002D206D /* DreamApp.xcdatamodeld */; };
		D2DF19241A02FD27002D206D /* SyncableDBObject.m in Sources */ = {isa = PBXBuildFile; fileRef = D2DF19231A02FD27002D206D /* SyncableDBObject.m */; };
		D2DF192D1A02FD50002D206D /* Comment.m in Sources */ = {isa = PBXBuildFile; fileRef = D2DF192C1A02FD50002D206D /* Comment.m */; };
		D2E2BB071A0C19E9006B72E6 /* Dream.m in Sources */ = {isa = PBXBuildFile; fileRef = D2E2BB061A0C19E9006B72E6 /* Dream.m */; };
		D2E2BB0A1A0C1ABC006B72E6 /* Tag.m in Sources */ = {isa = PBXBuildFile; fileRef = D2E2BB091A0C1ABC006B72E6 /* Tag.m */; };
/* End PBXBuildFile section */

/* Begin PBXContainerItemProxy section */
		D270DAAF19DB2270009D425B /* PBXContainerItemProxy */ = {
			isa = PBXContainerItemProxy;
			containerPortal = D270DA8A19DB2270009D425B /* Project object */;
			proxyType = 1;
			remoteGlobalIDString = D270DA9119DB2270009D425B;
			remoteInfo = DreamApp;
		};
/* End PBXContainerItemProxy section */

/* Begin PBXFileReference section */
		D20052371A0802DD005895FC /* FriendProfileViewController.h */ = {isa = PBXFileReference; fileEncoding = 4; lastKnownFileType = sourcecode.c.h; path = FriendProfileViewController.h; sourceTree = "<group>"; };
		D20052381A0802DD005895FC /* FriendProfileViewController.m */ = {isa = PBXFileReference; fileEncoding = 4; lastKnownFileType = sourcecode.c.objc; path = FriendProfileViewController.m; sourceTree = "<group>"; };
		D20D123419DF51E800DE7485 /* SearchViewController.h */ = {isa = PBXFileReference; fileEncoding = 4; lastKnownFileType = sourcecode.c.h; path = SearchViewController.h; sourceTree = "<group>"; };
		D20D123519DF51E800DE7485 /* SearchViewController.m */ = {isa = PBXFileReference; fileEncoding = 4; lastKnownFileType = sourcecode.c.objc; path = SearchViewController.m; sourceTree = "<group>"; };
		D21271391A043BE10063BFA1 /* Bolts.framework */ = {isa = PBXFileReference; lastKnownFileType = wrapper.framework; name = Bolts.framework; path = DreamApp/FBSDK/Bolts.framework; sourceTree = "<group>"; };
		D212713A1A043BE10063BFA1 /* FacebookSDK.framework */ = {isa = PBXFileReference; lastKnownFileType = wrapper.framework; name = FacebookSDK.framework; path = DreamApp/FBSDK/FacebookSDK.framework; sourceTree = "<group>"; };
		D212713B1A043BE10063BFA1 /* LICENSE */ = {isa = PBXFileReference; fileEncoding = 4; lastKnownFileType = text; name = LICENSE; path = DreamApp/FBSDK/LICENSE; sourceTree = "<group>"; };
		D212713C1A043BE10063BFA1 /* README.txt */ = {isa = PBXFileReference; fileEncoding = 4; lastKnownFileType = text; name = README.txt; path = DreamApp/FBSDK/README.txt; sourceTree = "<group>"; };
		D21271441A044E920063BFA1 /* CustomCommentTableViewCell.h */ = {isa = PBXFileReference; fileEncoding = 4; lastKnownFileType = sourcecode.c.h; path = CustomCommentTableViewCell.h; sourceTree = "<group>"; };
		D21271451A044E920063BFA1 /* CustomCommentTableViewCell.m */ = {isa = PBXFileReference; fileEncoding = 4; lastKnownFileType = sourcecode.c.objc; path = CustomCommentTableViewCell.m; sourceTree = "<group>"; };
		D224A1AB19F83DD200F4252F /* Accounts.framework */ = {isa = PBXFileReference; lastKnownFileType = wrapper.framework; name = Accounts.framework; path = System/Library/Frameworks/Accounts.framework; sourceTree = SDKROOT; };
		D224A1AD19F83DD900F4252F /* Social.framework */ = {isa = PBXFileReference; lastKnownFileType = wrapper.framework; name = Social.framework; path = System/Library/Frameworks/Social.framework; sourceTree = SDKROOT; };
		D224A1AF19F843B900F4252F /* Security.framework */ = {isa = PBXFileReference; lastKnownFileType = wrapper.framework; name = Security.framework; path = System/Library/Frameworks/Security.framework; sourceTree = SDKROOT; };
		D224A20C19FEDF8F00F4252F /* ServerManager.h */ = {isa = PBXFileReference; fileEncoding = 4; lastKnownFileType = sourcecode.c.h; path = ServerManager.h; sourceTree = "<group>"; };
		D224A20D19FEDF8F00F4252F /* ServerManager.m */ = {isa = PBXFileReference; fileEncoding = 4; lastKnownFileType = sourcecode.c.objc; path = ServerManager.m; sourceTree = "<group>"; };
		D224A23F19FEF01700F4252F /* GlobalTableViewController.h */ = {isa = PBXFileReference; fileEncoding = 4; lastKnownFileType = sourcecode.c.h; path = GlobalTableViewController.h; sourceTree = "<group>"; };
		D224A24019FEF01700F4252F /* GlobalTableViewController.m */ = {isa = PBXFileReference; fileEncoding = 4; lastKnownFileType = sourcecode.c.objc; path = GlobalTableViewController.m; sourceTree = "<group>"; };
		D224A24819FF01BC00F4252F /* FileSystemManager.h */ = {isa = PBXFileReference; fileEncoding = 4; lastKnownFileType = sourcecode.c.h; path = FileSystemManager.h; sourceTree = "<group>"; };
		D224A24919FF01BC00F4252F /* FileSystemManager.m */ = {isa = PBXFileReference; fileEncoding = 4; lastKnownFileType = sourcecode.c.objc; path = FileSystemManager.m; sourceTree = "<group>"; };
		D224A24B19FF2CC100F4252F /* CoreDataManager.h */ = {isa = PBXFileReference; fileEncoding = 4; lastKnownFileType = sourcecode.c.h; path = CoreDataManager.h; sourceTree = "<group>"; };
		D224A24C19FF2CC100F4252F /* CoreDataManager.m */ = {isa = PBXFileReference; fileEncoding = 4; lastKnownFileType = sourcecode.c.objc; path = CoreDataManager.m; sourceTree = "<group>"; };
		D22CDF831A006BDE00C70894 /* AddDreamViewController.h */ = {isa = PBXFileReference; fileEncoding = 4; lastKnownFileType = sourcecode.c.h; path = AddDreamViewController.h; sourceTree = "<group>"; };
		D22CDF841A006BDE00C70894 /* AddDreamViewController.m */ = {isa = PBXFileReference; fileEncoding = 4; lastKnownFileType = sourcecode.c.objc; path = AddDreamViewController.m; sourceTree = "<group>"; };
		D22CDF891A00D94800C70894 /* ShowDreamViewController.h */ = {isa = PBXFileReference; fileEncoding = 4; lastKnownFileType = sourcecode.c.h; path = ShowDreamViewController.h; sourceTree = "<group>"; };
		D22CDF8A1A00D94800C70894 /* ShowDreamViewController.m */ = {isa = PBXFileReference; fileEncoding = 4; lastKnownFileType = sourcecode.c.objc; path = ShowDreamViewController.m; sourceTree = "<group>"; };
		D230C9DC1A099A1F00D0D5C0 /* User.h */ = {isa = PBXFileReference; fileEncoding = 4; lastKnownFileType = sourcecode.c.h; path = User.h; sourceTree = "<group>"; };
		D230C9DD1A099A1F00D0D5C0 /* User.m */ = {isa = PBXFileReference; fileEncoding = 4; lastKnownFileType = sourcecode.c.objc; path = User.m; sourceTree = "<group>"; };
		D2530D071A19E9A400A6FA41 /* MICROPHONE.png */ = {isa = PBXFileReference; lastKnownFileType = image.png; name = MICROPHONE.png; path = ../MICROPHONE.png; sourceTree = "<group>"; };
		D2530D091A19EC4900A6FA41 /* HOME_selected.png */ = {isa = PBXFileReference; lastKnownFileType = image.png; name = HOME_selected.png; path = ../HOME_selected.png; sourceTree = "<group>"; };
		D2530D0B1A19F0B400A6FA41 /* GLOBE_selected.png */ = {isa = PBXFileReference; lastKnownFileType = image.png; name = GLOBE_selected.png; path = ../GLOBE_selected.png; sourceTree = "<group>"; };
		D2530D0D1A19F0C100A6FA41 /* MAGNIFYING GLASS_selected.png */ = {isa = PBXFileReference; lastKnownFileType = image.png; name = "MAGNIFYING GLASS_selected.png"; path = "../MAGNIFYING GLASS_selected.png"; sourceTree = "<group>"; };
		D2530D0F1A19F9CC00A6FA41 /* more.png */ = {isa = PBXFileReference; lastKnownFileType = image.png; name = more.png; path = ../more.png; sourceTree = "<group>"; };
		D2594C9919E70DA70014F22B /* EditProfileViewController.h */ = {isa = PBXFileReference; fileEncoding = 4; lastKnownFileType = sourcecode.c.h; path = EditProfileViewController.h; sourceTree = "<group>"; };
		D2594C9A19E70DA70014F22B /* EditProfileViewController.m */ = {isa = PBXFileReference; fileEncoding = 4; lastKnownFileType = sourcecode.c.objc; path = EditProfileViewController.m; sourceTree = "<group>"; };
		D26A3AF61A01ACA600CFB30F /* ProfileManager.h */ = {isa = PBXFileReference; fileEncoding = 4; lastKnownFileType = sourcecode.c.h; path = ProfileManager.h; sourceTree = "<group>"; };
		D26A3AF71A01ACA600CFB30F /* ProfileManager.m */ = {isa = PBXFileReference; fileEncoding = 4; lastKnownFileType = sourcecode.c.objc; path = ProfileManager.m; sourceTree = "<group>"; };
		D26A3AFC1A02165400CFB30F /* FriendsTableViewController.h */ = {isa = PBXFileReference; fileEncoding = 4; lastKnownFileType = sourcecode.c.h; path = FriendsTableViewController.h; sourceTree = "<group>"; };
		D26A3AFD1A02165400CFB30F /* FriendsTableViewController.m */ = {isa = PBXFileReference; fileEncoding = 4; lastKnownFileType = sourcecode.c.objc; path = FriendsTableViewController.m; sourceTree = "<group>"; };
		D26A3B021A0242A900CFB30F /* FriendDreamViewController.h */ = {isa = PBXFileReference; fileEncoding = 4; lastKnownFileType = sourcecode.c.h; path = FriendDreamViewController.h; sourceTree = "<group>"; };
		D26A3B031A0242A900CFB30F /* FriendDreamViewController.m */ = {isa = PBXFileReference; fileEncoding = 4; lastKnownFileType = sourcecode.c.objc; path = FriendDreamViewController.m; sourceTree = "<group>"; };
		D270DA9219DB2270009D425B /* DreamApp.app */ = {isa = PBXFileReference; explicitFileType = wrapper.application; includeInIndex = 0; path = DreamApp.app; sourceTree = BUILT_PRODUCTS_DIR; };
		D270DA9619DB2270009D425B /* Info.plist */ = {isa = PBXFileReference; lastKnownFileType = text.plist.xml; path = Info.plist; sourceTree = "<group>"; };
		D270DA9719DB2270009D425B /* main.m */ = {isa = PBXFileReference; lastKnownFileType = sourcecode.c.objc; path = main.m; sourceTree = "<group>"; };
		D270DA9919DB2270009D425B /* AppDelegate.h */ = {isa = PBXFileReference; lastKnownFileType = sourcecode.c.h; path = AppDelegate.h; sourceTree = "<group>"; };
		D270DA9A19DB2270009D425B /* AppDelegate.m */ = {isa = PBXFileReference; lastKnownFileType = sourcecode.c.objc; path = AppDelegate.m; sourceTree = "<group>"; };
		D270DAA319DB2270009D425B /* Base */ = {isa = PBXFileReference; lastKnownFileType = file.storyboard; name = Base; path = Base.lproj/Main.storyboard; sourceTree = "<group>"; };
		D270DAA519DB2270009D425B /* Images.xcassets */ = {isa = PBXFileReference; lastKnownFileType = folder.assetcatalog; path = Images.xcassets; sourceTree = "<group>"; };
		D270DAA819DB2270009D425B /* Base */ = {isa = PBXFileReference; lastKnownFileType = file.xib; name = Base; path = Base.lproj/LaunchScreen.xib; sourceTree = "<group>"; };
		D270DAAE19DB2270009D425B /* DreamAppTests.xctest */ = {isa = PBXFileReference; explicitFileType = wrapper.cfbundle; includeInIndex = 0; path = DreamAppTests.xctest; sourceTree = BUILT_PRODUCTS_DIR; };
		D270DAB319DB2270009D425B /* Info.plist */ = {isa = PBXFileReference; lastKnownFileType = text.plist.xml; path = Info.plist; sourceTree = "<group>"; };
		D270DAB419DB2270009D425B /* DreamAppTests.m */ = {isa = PBXFileReference; lastKnownFileType = sourcecode.c.objc; path = DreamAppTests.m; sourceTree = "<group>"; };
		D270DAC419DB362B009D425B /* InitialViewController.h */ = {isa = PBXFileReference; fileEncoding = 4; lastKnownFileType = sourcecode.c.h; path = InitialViewController.h; sourceTree = "<group>"; };
		D270DAC519DB362B009D425B /* InitialViewController.m */ = {isa = PBXFileReference; fileEncoding = 4; lastKnownFileType = sourcecode.c.objc; path = InitialViewController.m; sourceTree = "<group>"; };
		D270DACD19DC7849009D425B /* WelcomeViewController.h */ = {isa = PBXFileReference; fileEncoding = 4; lastKnownFileType = sourcecode.c.h; path = WelcomeViewController.h; sourceTree = "<group>"; };
		D270DACE19DC7849009D425B /* WelcomeViewController.m */ = {isa = PBXFileReference; fileEncoding = 4; lastKnownFileType = sourcecode.c.objc; path = WelcomeViewController.m; sourceTree = "<group>"; };
		D270DB0A19DCA7E3009D425B /* RecordViewController.h */ = {isa = PBXFileReference; fileEncoding = 4; lastKnownFileType = sourcecode.c.h; path = RecordViewController.h; sourceTree = "<group>"; };
		D270DB0B19DCA7E3009D425B /* RecordViewController.m */ = {isa = PBXFileReference; fileEncoding = 4; lastKnownFileType = sourcecode.c.objc; path = RecordViewController.m; sourceTree = "<group>"; };
		D270DB0D19DCAB8C009D425B /* AVFoundation.framework */ = {isa = PBXFileReference; lastKnownFileType = wrapper.framework; name = AVFoundation.framework; path = System/Library/Frameworks/AVFoundation.framework; sourceTree = SDKROOT; };
		D270DB1B19DF21E4009D425B /* ProfileViewController.h */ = {isa = PBXFileReference; fileEncoding = 4; lastKnownFileType = sourcecode.c.h; path = ProfileViewController.h; sourceTree = "<group>"; };
		D270DB1C19DF21E4009D425B /* ProfileViewController.m */ = {isa = PBXFileReference; fileEncoding = 4; lastKnownFileType = sourcecode.c.objc; lineEnding = 0; path = ProfileViewController.m; sourceTree = "<group>"; xcLanguageSpecificationIdentifier = xcode.lang.objc; };
		D28DFC701A02BA0500C55143 /* FriendTableViewCell.h */ = {isa = PBXFileReference; fileEncoding = 4; lastKnownFileType = sourcecode.c.h; path = FriendTableViewCell.h; sourceTree = "<group>"; };
		D28DFC711A02BA0500C55143 /* FriendTableViewCell.m */ = {isa = PBXFileReference; fileEncoding = 4; lastKnownFileType = sourcecode.c.objc; path = FriendTableViewCell.m; sourceTree = "<group>"; };
		D2B44F9F1A18A3C400E07F37 /* CustomProfileTableViewCell.h */ = {isa = PBXFileReference; fileEncoding = 4; lastKnownFileType = sourcecode.c.h; path = CustomProfileTableViewCell.h; sourceTree = "<group>"; };
		D2B44FA01A18A3C400E07F37 /* CustomProfileTableViewCell.m */ = {isa = PBXFileReference; fileEncoding = 4; lastKnownFileType = sourcecode.c.objc; path = CustomProfileTableViewCell.m; sourceTree = "<group>"; };
		D2B44FAA1A19D6B800E07F37 /* MAGNIFYING GLASS 2.png */ = {isa = PBXFileReference; lastKnownFileType = image.png; name = "MAGNIFYING GLASS 2.png"; path = "../MAGNIFYING GLASS 2.png"; sourceTree = "<group>"; };
		D2B44FAC1A19D78600E07F37 /* MAGNIFYING GLASS.png */ = {isa = PBXFileReference; lastKnownFileType = image.png; name = "MAGNIFYING GLASS.png"; path = "../MAGNIFYING GLASS.png"; sourceTree = "<group>"; };
		D2B44FAE1A19DABE00E07F37 /* ARROW.png */ = {isa = PBXFileReference; lastKnownFileType = image.png; name = ARROW.png; path = ../ARROW.png; sourceTree = "<group>"; };
		D2B44FB01A19DC2000E07F37 /* HOME.png */ = {isa = PBXFileReference; lastKnownFileType = image.png; name = HOME.png; path = ../HOME.png; sourceTree = "<group>"; };
		D2B44FB21A19E24700E07F37 /* GLOBE.png */ = {isa = PBXFileReference; lastKnownFileType = image.png; name = GLOBE.png; path = ../GLOBE.png; sourceTree = "<group>"; };
		D2B4A0FD1A14218300EF89EC /* CustomGlobalDreamTableViewCell.h */ = {isa = PBXFileReference; fileEncoding = 4; lastKnownFileType = sourcecode.c.h; path = CustomGlobalDreamTableViewCell.h; sourceTree = "<group>"; };
		D2B4A0FE1A14218300EF89EC /* CustomGlobalDreamTableViewCell.m */ = {isa = PBXFileReference; fileEncoding = 4; lastKnownFileType = sourcecode.c.objc; path = CustomGlobalDreamTableViewCell.m; sourceTree = "<group>"; };
		D2C64CEA1A0EF2F400A8008C /* CustomSearchTableViewCell.h */ = {isa = PBXFileReference; fileEncoding = 4; lastKnownFileType = sourcecode.c.h; path = CustomSearchTableViewCell.h; sourceTree = "<group>"; };
		D2C64CEB1A0EF2F400A8008C /* CustomSearchTableViewCell.m */ = {isa = PBXFileReference; fileEncoding = 4; lastKnownFileType = sourcecode.c.objc; path = CustomSearchTableViewCell.m; sourceTree = "<group>"; };
		D2C64CF01A11A41200A8008C /* AddCommentViewController.h */ = {isa = PBXFileReference; fileEncoding = 4; lastKnownFileType = sourcecode.c.h; path = AddCommentViewController.h; sourceTree = "<group>"; };
		D2C64CF11A11A41200A8008C /* AddCommentViewController.m */ = {isa = PBXFileReference; fileEncoding = 4; lastKnownFileType = sourcecode.c.objc; path = AddCommentViewController.m; sourceTree = "<group>"; };
		D2C64CF31A11FF7400A8008C /* CustomCommenttTableViewCell.h */ = {isa = PBXFileReference; fileEncoding = 4; lastKnownFileType = sourcecode.c.h; path = CustomCommenttTableViewCell.h; sourceTree = "<group>"; };
		D2C64CF41A11FF7400A8008C /* CustomCommenttTableViewCell.m */ = {isa = PBXFileReference; fileEncoding = 4; lastKnownFileType = sourcecode.c.objc; path = CustomCommenttTableViewCell.m; sourceTree = "<group>"; };
		D2D2376B19EDD36B00C738AF /* Global.h */ = {isa = PBXFileReference; fileEncoding = 4; lastKnownFileType = sourcecode.c.h; path = Global.h; sourceTree = "<group>"; };
		D2D2376C19EDD36B00C738AF /* Global.m */ = {isa = PBXFileReference; fileEncoding = 4; lastKnownFileType = sourcecode.c.objc; path = Global.m; sourceTree = "<group>"; };
		D2DF19201A02D80A002D206D /* DreamApp.xcdatamodel */ = {isa = PBXFileReference; lastKnownFileType = wrapper.xcdatamodel; path = DreamApp.xcdatamodel; sourceTree = "<group>"; };
		D2DF19221A02FD27002D206D /* SyncableDBObject.h */ = {isa = PBXFileReference; fileEncoding = 4; lastKnownFileType = sourcecode.c.h; path = SyncableDBObject.h; sourceTree = "<group>"; };
		D2DF19231A02FD27002D206D /* SyncableDBObject.m */ = {isa = PBXFileReference; fileEncoding = 4; lastKnownFileType = sourcecode.c.objc; path = SyncableDBObject.m; sourceTree = "<group>"; };
		D2DF192B1A02FD50002D206D /* Comment.h */ = {isa = PBXFileReference; fileEncoding = 4; lastKnownFileType = sourcecode.c.h; path = Comment.h; sourceTree = "<group>"; };
		D2DF192C1A02FD50002D206D /* Comment.m */ = {isa = PBXFileReference; fileEncoding = 4; lastKnownFileType = sourcecode.c.objc; path = Comment.m; sourceTree = "<group>"; };
		D2E2BB051A0C19E9006B72E6 /* Dream.h */ = {isa = PBXFileReference; fileEncoding = 4; lastKnownFileType = sourcecode.c.h; path = Dream.h; sourceTree = "<group>"; };
		D2E2BB061A0C19E9006B72E6 /* Dream.m */ = {isa = PBXFileReference; fileEncoding = 4; lastKnownFileType = sourcecode.c.objc; path = Dream.m; sourceTree = "<group>"; };
		D2E2BB081A0C1ABC006B72E6 /* Tag.h */ = {isa = PBXFileReference; fileEncoding = 4; lastKnownFileType = sourcecode.c.h; path = Tag.h; sourceTree = "<group>"; };
		D2E2BB091A0C1ABC006B72E6 /* Tag.m */ = {isa = PBXFileReference; fileEncoding = 4; lastKnownFileType = sourcecode.c.objc; path = Tag.m; sourceTree = "<group>"; };
/* End PBXFileReference section */

/* Begin PBXFrameworksBuildPhase section */
		D270DA8F19DB2270009D425B /* Frameworks */ = {
			isa = PBXFrameworksBuildPhase;
			buildActionMask = 2147483647;
			files = (
				D212713D1A043BE10063BFA1 /* Bolts.framework in Frameworks */,
				D224A1B019F843B900F4252F /* Security.framework in Frameworks */,
				D224A1AE19F83DD900F4252F /* Social.framework in Frameworks */,
				D224A1AC19F83DD200F4252F /* Accounts.framework in Frameworks */,
				D270DB0E19DCAB8C009D425B /* AVFoundation.framework in Frameworks */,
				D212713E1A043BE10063BFA1 /* FacebookSDK.framework in Frameworks */,
			);
			runOnlyForDeploymentPostprocessing = 0;
		};
		D270DAAB19DB2270009D425B /* Frameworks */ = {
			isa = PBXFrameworksBuildPhase;
			buildActionMask = 2147483647;
			files = (
			);
			runOnlyForDeploymentPostprocessing = 0;
		};
/* End PBXFrameworksBuildPhase section */

/* Begin PBXGroup section */
		D224A21F19FEEE2700F4252F /* CoreDataObjects */ = {
			isa = PBXGroup;
			children = (
				D2DF19221A02FD27002D206D /* SyncableDBObject.h */,
				D2DF19231A02FD27002D206D /* SyncableDBObject.m */,
				D2E2BB051A0C19E9006B72E6 /* Dream.h */,
				D2E2BB061A0C19E9006B72E6 /* Dream.m */,
				D230C9DC1A099A1F00D0D5C0 /* User.h */,
				D230C9DD1A099A1F00D0D5C0 /* User.m */,
				D2E2BB081A0C1ABC006B72E6 /* Tag.h */,
				D2E2BB091A0C1ABC006B72E6 /* Tag.m */,
				D2DF192B1A02FD50002D206D /* Comment.h */,
				D2DF192C1A02FD50002D206D /* Comment.m */,
			);
			name = CoreDataObjects;
			sourceTree = "<group>";
		};
		D224A22019FEEE3D00F4252F /* UIVIews */ = {
			isa = PBXGroup;
			children = (
				D270DAC419DB362B009D425B /* InitialViewController.h */,
				D270DAC519DB362B009D425B /* InitialViewController.m */,
				D270DACD19DC7849009D425B /* WelcomeViewController.h */,
				D270DACE19DC7849009D425B /* WelcomeViewController.m */,
				D224A23F19FEF01700F4252F /* GlobalTableViewController.h */,
				D224A24019FEF01700F4252F /* GlobalTableViewController.m */,
				D2B4A0FD1A14218300EF89EC /* CustomGlobalDreamTableViewCell.h */,
				D2B4A0FE1A14218300EF89EC /* CustomGlobalDreamTableViewCell.m */,
				D270DB0A19DCA7E3009D425B /* RecordViewController.h */,
				D270DB0B19DCA7E3009D425B /* RecordViewController.m */,
				D22CDF831A006BDE00C70894 /* AddDreamViewController.h */,
				D22CDF841A006BDE00C70894 /* AddDreamViewController.m */,
				D270DB1B19DF21E4009D425B /* ProfileViewController.h */,
				D270DB1C19DF21E4009D425B /* ProfileViewController.m */,
				D2B44F9F1A18A3C400E07F37 /* CustomProfileTableViewCell.h */,
				D2B44FA01A18A3C400E07F37 /* CustomProfileTableViewCell.m */,
				D22CDF891A00D94800C70894 /* ShowDreamViewController.h */,
				D22CDF8A1A00D94800C70894 /* ShowDreamViewController.m */,
				D21271441A044E920063BFA1 /* CustomCommentTableViewCell.h */,
				D21271451A044E920063BFA1 /* CustomCommentTableViewCell.m */,
				D2C64CF31A11FF7400A8008C /* CustomCommenttTableViewCell.h */,
				D2C64CF41A11FF7400A8008C /* CustomCommenttTableViewCell.m */,
				D26A3AFC1A02165400CFB30F /* FriendsTableViewController.h */,
				D26A3AFD1A02165400CFB30F /* FriendsTableViewController.m */,
				D28DFC701A02BA0500C55143 /* FriendTableViewCell.h */,
				D28DFC711A02BA0500C55143 /* FriendTableViewCell.m */,
				D20052371A0802DD005895FC /* FriendProfileViewController.h */,
				D20052381A0802DD005895FC /* FriendProfileViewController.m */,
				D26A3B021A0242A900CFB30F /* FriendDreamViewController.h */,
				D26A3B031A0242A900CFB30F /* FriendDreamViewController.m */,
				D2594C9919E70DA70014F22B /* EditProfileViewController.h */,
				D2594C9A19E70DA70014F22B /* EditProfileViewController.m */,
				D20D123419DF51E800DE7485 /* SearchViewController.h */,
				D20D123519DF51E800DE7485 /* SearchViewController.m */,
				D2C64CEA1A0EF2F400A8008C /* CustomSearchTableViewCell.h */,
				D2C64CEB1A0EF2F400A8008C /* CustomSearchTableViewCell.m */,
				D2C64CF01A11A41200A8008C /* AddCommentViewController.h */,
				D2C64CF11A11A41200A8008C /* AddCommentViewController.m */,
			);
			name = UIVIews;
			sourceTree = "<group>";
		};
		D23B6F511A042D1F0068675F /* FacebookSDK */ = {
			isa = PBXGroup;
			children = (
				D21271391A043BE10063BFA1 /* Bolts.framework */,
				D212713A1A043BE10063BFA1 /* FacebookSDK.framework */,
				D212713B1A043BE10063BFA1 /* LICENSE */,
				D212713C1A043BE10063BFA1 /* README.txt */,
			);
			name = FacebookSDK;
			sourceTree = "<group>";
		};
		D270DA8919DB2270009D425B = {
			isa = PBXGroup;
			children = (
				D2B44FAA1A19D6B800E07F37 /* MAGNIFYING GLASS 2.png */,
				D2B44FAC1A19D78600E07F37 /* MAGNIFYING GLASS.png */,
				D2B44FAE1A19DABE00E07F37 /* ARROW.png */,
				D2B44FB21A19E24700E07F37 /* GLOBE.png */,
				D2B44FB01A19DC2000E07F37 /* HOME.png */,
				D2530D071A19E9A400A6FA41 /* MICROPHONE.png */,
				D2530D091A19EC4900A6FA41 /* HOME_selected.png */,
				D2530D0D1A19F0C100A6FA41 /* MAGNIFYING GLASS_selected.png */,
				D2530D0B1A19F0B400A6FA41 /* GLOBE_selected.png */,
				D2530D0F1A19F9CC00A6FA41 /* more.png */,
				D270DA9419DB2270009D425B /* DreamApp */,
				D270DAB119DB2270009D425B /* DreamAppTests */,
				D270DA9319DB2270009D425B /* Products */,
				D23B6F511A042D1F0068675F /* FacebookSDK */,
				D224A1AF19F843B900F4252F /* Security.framework */,
				D224A1AD19F83DD900F4252F /* Social.framework */,
				D224A1AB19F83DD200F4252F /* Accounts.framework */,
				D270DB0D19DCAB8C009D425B /* AVFoundation.framework */,
			);
			sourceTree = "<group>";
		};
		D270DA9319DB2270009D425B /* Products */ = {
			isa = PBXGroup;
			children = (
				D270DA9219DB2270009D425B /* DreamApp.app */,
				D270DAAE19DB2270009D425B /* DreamAppTests.xctest */,
			);
			name = Products;
			sourceTree = "<group>";
		};
		D270DA9419DB2270009D425B /* DreamApp */ = {
			isa = PBXGroup;
			children = (
				D270DA9919DB2270009D425B /* AppDelegate.h */,
				D270DA9A19DB2270009D425B /* AppDelegate.m */,
				D2D2376B19EDD36B00C738AF /* Global.h */,
				D2D2376C19EDD36B00C738AF /* Global.m */,
				D224A20C19FEDF8F00F4252F /* ServerManager.h */,
				D224A20D19FEDF8F00F4252F /* ServerManager.m */,
				D224A24819FF01BC00F4252F /* FileSystemManager.h */,
				D224A24919FF01BC00F4252F /* FileSystemManager.m */,
				D224A24B19FF2CC100F4252F /* CoreDataManager.h */,
				D224A24C19FF2CC100F4252F /* CoreDataManager.m */,
				D26A3AF61A01ACA600CFB30F /* ProfileManager.h */,
				D26A3AF71A01ACA600CFB30F /* ProfileManager.m */,
				D224A22019FEEE3D00F4252F /* UIVIews */,
				D224A21F19FEEE2700F4252F /* CoreDataObjects */,
				D270DAA219DB2270009D425B /* Main.storyboard */,
				D2DF191F1A02D80A002D206D /* DreamApp.xcdatamodeld */,
				D270DAA519DB2270009D425B /* Images.xcassets */,
				D270DAA719DB2270009D425B /* LaunchScreen.xib */,
				D270DA9519DB2270009D425B /* Supporting Files */,
			);
			path = DreamApp;
			sourceTree = "<group>";
		};
		D270DA9519DB2270009D425B /* Supporting Files */ = {
			isa = PBXGroup;
			children = (
				D270DA9619DB2270009D425B /* Info.plist */,
				D270DA9719DB2270009D425B /* main.m */,
			);
			name = "Supporting Files";
			sourceTree = "<group>";
		};
		D270DAB119DB2270009D425B /* DreamAppTests */ = {
			isa = PBXGroup;
			children = (
				D270DAB419DB2270009D425B /* DreamAppTests.m */,
				D270DAB219DB2270009D425B /* Supporting Files */,
			);
			path = DreamAppTests;
			sourceTree = "<group>";
		};
		D270DAB219DB2270009D425B /* Supporting Files */ = {
			isa = PBXGroup;
			children = (
				D270DAB319DB2270009D425B /* Info.plist */,
			);
			name = "Supporting Files";
			sourceTree = "<group>";
		};
/* End PBXGroup section */

/* Begin PBXNativeTarget section */
		D270DA9119DB2270009D425B /* DreamApp */ = {
			isa = PBXNativeTarget;
			buildConfigurationList = D270DAB819DB2270009D425B /* Build configuration list for PBXNativeTarget "DreamApp" */;
			buildPhases = (
				D270DA8E19DB2270009D425B /* Sources */,
				D270DA8F19DB2270009D425B /* Frameworks */,
				D270DA9019DB2270009D425B /* Resources */,
			);
			buildRules = (
			);
			dependencies = (
			);
			name = DreamApp;
			productName = DreamApp;
			productReference = D270DA9219DB2270009D425B /* DreamApp.app */;
			productType = "com.apple.product-type.application";
		};
		D270DAAD19DB2270009D425B /* DreamAppTests */ = {
			isa = PBXNativeTarget;
			buildConfigurationList = D270DABB19DB2270009D425B /* Build configuration list for PBXNativeTarget "DreamAppTests" */;
			buildPhases = (
				D270DAAA19DB2270009D425B /* Sources */,
				D270DAAB19DB2270009D425B /* Frameworks */,
				D270DAAC19DB2270009D425B /* Resources */,
			);
			buildRules = (
			);
			dependencies = (
				D270DAB019DB2270009D425B /* PBXTargetDependency */,
			);
			name = DreamAppTests;
			productName = DreamAppTests;
			productReference = D270DAAE19DB2270009D425B /* DreamAppTests.xctest */;
			productType = "com.apple.product-type.bundle.unit-test";
		};
/* End PBXNativeTarget section */

/* Begin PBXProject section */
		D270DA8A19DB2270009D425B /* Project object */ = {
			isa = PBXProject;
			attributes = {
				LastUpgradeCheck = 0600;
				ORGANIZATIONNAME = "Lynne Okada";
				TargetAttributes = {
					D270DA9119DB2270009D425B = {
						CreatedOnToolsVersion = 6.0;
						DevelopmentTeam = 2A5C47CGDP;
					};
					D270DAAD19DB2270009D425B = {
						CreatedOnToolsVersion = 6.0;
						TestTargetID = D270DA9119DB2270009D425B;
					};
				};
			};
			buildConfigurationList = D270DA8D19DB2270009D425B /* Build configuration list for PBXProject "DreamApp" */;
			compatibilityVersion = "Xcode 3.2";
			developmentRegion = English;
			hasScannedForEncodings = 0;
			knownRegions = (
				en,
				Base,
				he,
			);
			mainGroup = D270DA8919DB2270009D425B;
			productRefGroup = D270DA9319DB2270009D425B /* Products */;
			projectDirPath = "";
			projectRoot = "";
			targets = (
				D270DA9119DB2270009D425B /* DreamApp */,
				D270DAAD19DB2270009D425B /* DreamAppTests */,
			);
		};
/* End PBXProject section */

/* Begin PBXResourcesBuildPhase section */
		D270DA9019DB2270009D425B /* Resources */ = {
			isa = PBXResourcesBuildPhase;
			buildActionMask = 2147483647;
			files = (
				D2B44FAF1A19DABE00E07F37 /* ARROW.png in Resources */,
				D2530D081A19E9A400A6FA41 /* MICROPHONE.png in Resources */,
				D270DAA419DB2270009D425B /* Main.storyboard in Resources */,
				D2B44FB11A19DC2000E07F37 /* HOME.png in Resources */,
				D2530D0C1A19F0B400A6FA41 /* GLOBE_selected.png in Resources */,
				D270DAA919DB2270009D425B /* LaunchScreen.xib in Resources */,
				D2B44FAD1A19D78600E07F37 /* MAGNIFYING GLASS.png in Resources */,
				D2B44FAB1A19D6B800E07F37 /* MAGNIFYING GLASS 2.png in Resources */,
				D2B44FB31A19E24700E07F37 /* GLOBE.png in Resources */,
				D212713F1A043BE10063BFA1 /* LICENSE in Resources */,
				D270DAA619DB2270009D425B /* Images.xcassets in Resources */,
				D2530D101A19F9CC00A6FA41 /* more.png in Resources */,
				D2530D0E1A19F0C100A6FA41 /* MAGNIFYING GLASS_selected.png in Resources */,
				D21271401A043BE10063BFA1 /* README.txt in Resources */,
				D2530D0A1A19EC4900A6FA41 /* HOME_selected.png in Resources */,
			);
			runOnlyForDeploymentPostprocessing = 0;
		};
		D270DAAC19DB2270009D425B /* Resources */ = {
			isa = PBXResourcesBuildPhase;
			buildActionMask = 2147483647;
			files = (
			);
			runOnlyForDeploymentPostprocessing = 0;
		};
/* End PBXResourcesBuildPhase section */

/* Begin PBXSourcesBuildPhase section */
		D270DA8E19DB2270009D425B /* Sources */ = {
			isa = PBXSourcesBuildPhase;
			buildActionMask = 2147483647;
			files = (
				D26A3AFE1A02165400CFB30F /* FriendsTableViewController.m in Sources */,
				D26A3AF81A01ACA600CFB30F /* ProfileManager.m in Sources */,
				D270DAC619DB362B009D425B /* InitialViewController.m in Sources */,
				D224A24119FEF01700F4252F /* GlobalTableViewController.m in Sources */,
				D2C64CEC1A0EF2F400A8008C /* CustomSearchTableViewCell.m in Sources */,
				D224A24A19FF01BC00F4252F /* FileSystemManager.m in Sources */,
				D2B44FA11A18A3C400E07F37 /* CustomProfileTableViewCell.m in Sources */,
				D270DB1D19DF21E4009D425B /* ProfileViewController.m in Sources */,
				D270DA9B19DB2270009D425B /* AppDelegate.m in Sources */,
				D22CDF8B1A00D94800C70894 /* ShowDreamViewController.m in Sources */,
				D22CDF851A006BDE00C70894 /* AddDreamViewController.m in Sources */,
				D2DF19211A02D80A002D206D /* DreamApp.xcdatamodeld in Sources */,
				D2DF19241A02FD27002D206D /* SyncableDBObject.m in Sources */,
				D224A24D19FF2CC100F4252F /* CoreDataManager.m in Sources */,
				D21271461A044E920063BFA1 /* CustomCommentTableViewCell.m in Sources */,
				D2594C9B19E70DA70014F22B /* EditProfileViewController.m in Sources */,
				D2C64CF21A11A41200A8008C /* AddCommentViewController.m in Sources */,
				D2DF192D1A02FD50002D206D /* Comment.m in Sources */,
				D20D123619DF51E800DE7485 /* SearchViewController.m in Sources */,
				D2B4A0FF1A14218300EF89EC /* CustomGlobalDreamTableViewCell.m in Sources */,
				D26A3B041A0242A900CFB30F /* FriendDreamViewController.m in Sources */,
				D2D2376D19EDD36B00C738AF /* Global.m in Sources */,
				D2E2BB071A0C19E9006B72E6 /* Dream.m in Sources */,
				D230C9DE1A099A1F00D0D5C0 /* User.m in Sources */,
				D270DA9819DB2270009D425B /* main.m in Sources */,
				D270DB0C19DCA7E3009D425B /* RecordViewController.m in Sources */,
				D2E2BB0A1A0C1ABC006B72E6 /* Tag.m in Sources */,
				D224A20E19FEDF8F00F4252F /* ServerManager.m in Sources */,
				D270DACF19DC7849009D425B /* WelcomeViewController.m in Sources */,
				D2C64CF51A11FF7400A8008C /* CustomCommenttTableViewCell.m in Sources */,
				D28DFC721A02BA0500C55143 /* FriendTableViewCell.m in Sources */,
				D20052391A0802DD005895FC /* FriendProfileViewController.m in Sources */,
			);
			runOnlyForDeploymentPostprocessing = 0;
		};
		D270DAAA19DB2270009D425B /* Sources */ = {
			isa = PBXSourcesBuildPhase;
			buildActionMask = 2147483647;
			files = (
				D270DAB519DB2270009D425B /* DreamAppTests.m in Sources */,
			);
			runOnlyForDeploymentPostprocessing = 0;
		};
/* End PBXSourcesBuildPhase section */

/* Begin PBXTargetDependency section */
		D270DAB019DB2270009D425B /* PBXTargetDependency */ = {
			isa = PBXTargetDependency;
			target = D270DA9119DB2270009D425B /* DreamApp */;
			targetProxy = D270DAAF19DB2270009D425B /* PBXContainerItemProxy */;
		};
/* End PBXTargetDependency section */

/* Begin PBXVariantGroup section */
		D270DAA219DB2270009D425B /* Main.storyboard */ = {
			isa = PBXVariantGroup;
			children = (
				D270DAA319DB2270009D425B /* Base */,
			);
			name = Main.storyboard;
			sourceTree = "<group>";
		};
		D270DAA719DB2270009D425B /* LaunchScreen.xib */ = {
			isa = PBXVariantGroup;
			children = (
				D270DAA819DB2270009D425B /* Base */,
			);
			name = LaunchScreen.xib;
			sourceTree = "<group>";
		};
/* End PBXVariantGroup section */

/* Begin XCBuildConfiguration section */
		D270DAB619DB2270009D425B /* Debug */ = {
			isa = XCBuildConfiguration;
			buildSettings = {
				ALWAYS_SEARCH_USER_PATHS = NO;
				CLANG_CXX_LANGUAGE_STANDARD = "gnu++0x";
				CLANG_CXX_LIBRARY = "libc++";
				CLANG_ENABLE_MODULES = YES;
				CLANG_ENABLE_OBJC_ARC = YES;
				CLANG_WARN_BOOL_CONVERSION = YES;
				CLANG_WARN_CONSTANT_CONVERSION = YES;
				CLANG_WARN_DIRECT_OBJC_ISA_USAGE = YES_ERROR;
				CLANG_WARN_EMPTY_BODY = YES;
				CLANG_WARN_ENUM_CONVERSION = YES;
				CLANG_WARN_INT_CONVERSION = YES;
				CLANG_WARN_OBJC_ROOT_CLASS = YES_ERROR;
				CLANG_WARN_UNREACHABLE_CODE = YES;
				CLANG_WARN__DUPLICATE_METHOD_MATCH = YES;
				"CODE_SIGN_IDENTITY[sdk=iphoneos*]" = "iPhone Developer";
				COPY_PHASE_STRIP = NO;
				ENABLE_STRICT_OBJC_MSGSEND = YES;
				GCC_C_LANGUAGE_STANDARD = gnu99;
				GCC_DYNAMIC_NO_PIC = NO;
				GCC_OPTIMIZATION_LEVEL = 0;
				GCC_PREPROCESSOR_DEFINITIONS = (
					"DEBUG=1",
					"$(inherited)",
				);
				GCC_SYMBOLS_PRIVATE_EXTERN = NO;
				GCC_WARN_64_TO_32_BIT_CONVERSION = YES;
				GCC_WARN_ABOUT_RETURN_TYPE = YES_ERROR;
				GCC_WARN_UNDECLARED_SELECTOR = YES;
				GCC_WARN_UNINITIALIZED_AUTOS = YES_AGGRESSIVE;
				GCC_WARN_UNUSED_FUNCTION = YES;
				GCC_WARN_UNUSED_VARIABLE = YES;
				IPHONEOS_DEPLOYMENT_TARGET = 8.0;
				MTL_ENABLE_DEBUG_INFO = YES;
				ONLY_ACTIVE_ARCH = YES;
				PROVISIONING_PROFILE = "098B0293-C31E-46A6-BA31-372DCC7A8CEA";
				SDKROOT = iphoneos;
			};
			name = Debug;
		};
		D270DAB719DB2270009D425B /* Release */ = {
			isa = XCBuildConfiguration;
			buildSettings = {
				ALWAYS_SEARCH_USER_PATHS = NO;
				CLANG_CXX_LANGUAGE_STANDARD = "gnu++0x";
				CLANG_CXX_LIBRARY = "libc++";
				CLANG_ENABLE_MODULES = YES;
				CLANG_ENABLE_OBJC_ARC = YES;
				CLANG_WARN_BOOL_CONVERSION = YES;
				CLANG_WARN_CONSTANT_CONVERSION = YES;
				CLANG_WARN_DIRECT_OBJC_ISA_USAGE = YES_ERROR;
				CLANG_WARN_EMPTY_BODY = YES;
				CLANG_WARN_ENUM_CONVERSION = YES;
				CLANG_WARN_INT_CONVERSION = YES;
				CLANG_WARN_OBJC_ROOT_CLASS = YES_ERROR;
				CLANG_WARN_UNREACHABLE_CODE = YES;
				CLANG_WARN__DUPLICATE_METHOD_MATCH = YES;
				"CODE_SIGN_IDENTITY[sdk=iphoneos*]" = "iPhone Developer";
				COPY_PHASE_STRIP = YES;
				ENABLE_NS_ASSERTIONS = NO;
				ENABLE_STRICT_OBJC_MSGSEND = YES;
				GCC_C_LANGUAGE_STANDARD = gnu99;
				GCC_WARN_64_TO_32_BIT_CONVERSION = YES;
				GCC_WARN_ABOUT_RETURN_TYPE = YES_ERROR;
				GCC_WARN_UNDECLARED_SELECTOR = YES;
				GCC_WARN_UNINITIALIZED_AUTOS = YES_AGGRESSIVE;
				GCC_WARN_UNUSED_FUNCTION = YES;
				GCC_WARN_UNUSED_VARIABLE = YES;
				IPHONEOS_DEPLOYMENT_TARGET = 8.0;
				MTL_ENABLE_DEBUG_INFO = NO;
				PROVISIONING_PROFILE = "098B0293-C31E-46A6-BA31-372DCC7A8CEA";
				SDKROOT = iphoneos;
				VALIDATE_PRODUCT = YES;
			};
			name = Release;
		};
		D270DAB919DB2270009D425B /* Debug */ = {
			isa = XCBuildConfiguration;
			buildSettings = {
				ASSETCATALOG_COMPILER_APPICON_NAME = AppIcon;
				CODE_SIGN_IDENTITY = "iPhone Developer";
				"CODE_SIGN_IDENTITY[sdk=iphoneos*]" = "iPhone Developer";
				FRAMEWORK_SEARCH_PATHS = (
					"$(inherited)",
					/Users/lokada/Documents/FacebookSDK,
					/Users/lokada/Documents/FacebookSDK/FBAudienceNetwork,
					"$(PROJECT_DIR)/DreamApp/FBSDK",
				);
				INFOPLIST_FILE = DreamApp/Info.plist;
				IPHONEOS_DEPLOYMENT_TARGET = 8.0;
				LD_RUNPATH_SEARCH_PATHS = "$(inherited) @executable_path/Frameworks";
				PRODUCT_NAME = "$(TARGET_NAME)";
				PROVISIONING_PROFILE = "";
			};
			name = Debug;
		};
		D270DABA19DB2270009D425B /* Release */ = {
			isa = XCBuildConfiguration;
			buildSettings = {
				ASSETCATALOG_COMPILER_APPICON_NAME = AppIcon;
				CODE_SIGN_IDENTITY = "iPhone Developer";
				"CODE_SIGN_IDENTITY[sdk=iphoneos*]" = "iPhone Developer";
				FRAMEWORK_SEARCH_PATHS = (
					"$(inherited)",
					/Users/lokada/Documents/FacebookSDK,
					/Users/lokada/Documents/FacebookSDK/FBAudienceNetwork,
					"$(PROJECT_DIR)/DreamApp/FBSDK",
				);
				INFOPLIST_FILE = DreamApp/Info.plist;
				IPHONEOS_DEPLOYMENT_TARGET = 8.0;
				LD_RUNPATH_SEARCH_PATHS = "$(inherited) @executable_path/Frameworks";
				PRODUCT_NAME = "$(TARGET_NAME)";
				PROVISIONING_PROFILE = "";
			};
			name = Release;
		};
		D270DABC19DB2270009D425B /* Debug */ = {
			isa = XCBuildConfiguration;
			buildSettings = {
				BUNDLE_LOADER = "$(TEST_HOST)";
				FRAMEWORK_SEARCH_PATHS = (
					"$(SDKROOT)/Developer/Library/Frameworks",
					"$(inherited)",
				);
				GCC_PREPROCESSOR_DEFINITIONS = (
					"DEBUG=1",
					"$(inherited)",
				);
				INFOPLIST_FILE = DreamAppTests/Info.plist;
				LD_RUNPATH_SEARCH_PATHS = "$(inherited) @executable_path/Frameworks @loader_path/Frameworks";
				PRODUCT_NAME = "$(TARGET_NAME)";
				TEST_HOST = "$(BUILT_PRODUCTS_DIR)/DreamApp.app/DreamApp";
			};
			name = Debug;
		};
		D270DABD19DB2270009D425B /* Release */ = {
			isa = XCBuildConfiguration;
			buildSettings = {
				BUNDLE_LOADER = "$(TEST_HOST)";
				FRAMEWORK_SEARCH_PATHS = (
					"$(SDKROOT)/Developer/Library/Frameworks",
					"$(inherited)",
				);
				INFOPLIST_FILE = DreamAppTests/Info.plist;
				LD_RUNPATH_SEARCH_PATHS = "$(inherited) @executable_path/Frameworks @loader_path/Frameworks";
				PRODUCT_NAME = "$(TARGET_NAME)";
				TEST_HOST = "$(BUILT_PRODUCTS_DIR)/DreamApp.app/DreamApp";
			};
			name = Release;
		};
/* End XCBuildConfiguration section */

/* Begin XCConfigurationList section */
		D270DA8D19DB2270009D425B /* Build configuration list for PBXProject "DreamApp" */ = {
			isa = XCConfigurationList;
			buildConfigurations = (
				D270DAB619DB2270009D425B /* Debug */,
				D270DAB719DB2270009D425B /* Release */,
			);
			defaultConfigurationIsVisible = 0;
			defaultConfigurationName = Release;
		};
		D270DAB819DB2270009D425B /* Build configuration list for PBXNativeTarget "DreamApp" */ = {
			isa = XCConfigurationList;
			buildConfigurations = (
				D270DAB919DB2270009D425B /* Debug */,
				D270DABA19DB2270009D425B /* Release */,
			);
			defaultConfigurationIsVisible = 0;
			defaultConfigurationName = Release;
		};
		D270DABB19DB2270009D425B /* Build configuration list for PBXNativeTarget "DreamAppTests" */ = {
			isa = XCConfigurationList;
			buildConfigurations = (
				D270DABC19DB2270009D425B /* Debug */,
				D270DABD19DB2270009D425B /* Release */,
			);
			defaultConfigurationIsVisible = 0;
			defaultConfigurationName = Release;
		};
/* End XCConfigurationList section */

/* Begin XCVersionGroup section */
		D2DF191F1A02D80A002D206D /* DreamApp.xcdatamodeld */ = {
			isa = XCVersionGroup;
			children = (
				D2DF19201A02D80A002D206D /* DreamApp.xcdatamodel */,
			);
			currentVersion = D2DF19201A02D80A002D206D /* DreamApp.xcdatamodel */;
			path = DreamApp.xcdatamodeld;
			sourceTree = "<group>";
			versionGroupType = wrapper.xcdatamodel;
		};
/* End XCVersionGroup section */
	};
	rootObject = D270DA8A19DB2270009D425B /* Project object */;
}
